// !$*UTF8*$!
{
	archiveVersion = 1;
	classes = {
	};
	objectVersion = 50;
	objects = {

/* Begin PBXBuildFile section */
		C250285F25DBAEF50099EB13 /* AppDelegate.swift in Sources */ = {isa = PBXBuildFile; fileRef = C250285E25DBAEF50099EB13 /* AppDelegate.swift */; };
		C250286125DBAEF50099EB13 /* SceneDelegate.swift in Sources */ = {isa = PBXBuildFile; fileRef = C250286025DBAEF50099EB13 /* SceneDelegate.swift */; };
		C250286325DBAEF50099EB13 /* PhotoFeedViewController.swift in Sources */ = {isa = PBXBuildFile; fileRef = C250286225DBAEF50099EB13 /* PhotoFeedViewController.swift */; };
		C250286825DBAEF80099EB13 /* Assets.xcassets in Resources */ = {isa = PBXBuildFile; fileRef = C250286725DBAEF80099EB13 /* Assets.xcassets */; };
		C250286B25DBAEF80099EB13 /* LaunchScreen.storyboard in Resources */ = {isa = PBXBuildFile; fileRef = C250286925DBAEF80099EB13 /* LaunchScreen.storyboard */; };
		C250287B25DBB2C10099EB13 /* PhotoFeedView.swift in Sources */ = {isa = PBXBuildFile; fileRef = C250287A25DBB2C10099EB13 /* PhotoFeedView.swift */; };
		C250287E25DBB3920099EB13 /* PhotoCell.swift in Sources */ = {isa = PBXBuildFile; fileRef = C250287D25DBB3920099EB13 /* PhotoCell.swift */; };
		C250288225DBB4D50099EB13 /* UIColor.swift in Sources */ = {isa = PBXBuildFile; fileRef = C250288125DBB4D50099EB13 /* UIColor.swift */; };
		C250288A25DBC4130099EB13 /* NetworkService.swift in Sources */ = {isa = PBXBuildFile; fileRef = C250288925DBC4130099EB13 /* NetworkService.swift */; };
		C250288E25DBC4210099EB13 /* NetworkDataFetcher.swift in Sources */ = {isa = PBXBuildFile; fileRef = C250288D25DBC4210099EB13 /* NetworkDataFetcher.swift */; };
		C250289125DBC4800099EB13 /* PhotoModel.swift in Sources */ = {isa = PBXBuildFile; fileRef = C250289025DBC4800099EB13 /* PhotoModel.swift */; };
		C250289A25DBC5DD0099EB13 /* PhotoFeedViewModel.swift in Sources */ = {isa = PBXBuildFile; fileRef = C250289925DBC5DD0099EB13 /* PhotoFeedViewModel.swift */; };
		C250289E25DBC67B0099EB13 /* PhotoCellViewModel.swift in Sources */ = {isa = PBXBuildFile; fileRef = C250289D25DBC67B0099EB13 /* PhotoCellViewModel.swift */; };
/* End PBXBuildFile section */

/* Begin PBXFileReference section */
		C250285B25DBAEF50099EB13 /* RentateamTest.app */ = {isa = PBXFileReference; explicitFileType = wrapper.application; includeInIndex = 0; path = RentateamTest.app; sourceTree = BUILT_PRODUCTS_DIR; };
		C250285E25DBAEF50099EB13 /* AppDelegate.swift */ = {isa = PBXFileReference; lastKnownFileType = sourcecode.swift; path = AppDelegate.swift; sourceTree = "<group>"; };
		C250286025DBAEF50099EB13 /* SceneDelegate.swift */ = {isa = PBXFileReference; lastKnownFileType = sourcecode.swift; path = SceneDelegate.swift; sourceTree = "<group>"; };
		C250286225DBAEF50099EB13 /* PhotoFeedViewController.swift */ = {isa = PBXFileReference; lastKnownFileType = sourcecode.swift; path = PhotoFeedViewController.swift; sourceTree = "<group>"; };
		C250286725DBAEF80099EB13 /* Assets.xcassets */ = {isa = PBXFileReference; lastKnownFileType = folder.assetcatalog; path = Assets.xcassets; sourceTree = "<group>"; };
		C250286A25DBAEF80099EB13 /* Base */ = {isa = PBXFileReference; lastKnownFileType = file.storyboard; name = Base; path = Base.lproj/LaunchScreen.storyboard; sourceTree = "<group>"; };
		C250286C25DBAEF80099EB13 /* Info.plist */ = {isa = PBXFileReference; lastKnownFileType = text.plist.xml; path = Info.plist; sourceTree = "<group>"; };
		C250287A25DBB2C10099EB13 /* PhotoFeedView.swift */ = {isa = PBXFileReference; lastKnownFileType = sourcecode.swift; path = PhotoFeedView.swift; sourceTree = "<group>"; };
		C250287D25DBB3920099EB13 /* PhotoCell.swift */ = {isa = PBXFileReference; lastKnownFileType = sourcecode.swift; path = PhotoCell.swift; sourceTree = "<group>"; };
		C250288125DBB4D50099EB13 /* UIColor.swift */ = {isa = PBXFileReference; lastKnownFileType = sourcecode.swift; path = UIColor.swift; sourceTree = "<group>"; };
		C250288925DBC4130099EB13 /* NetworkService.swift */ = {isa = PBXFileReference; lastKnownFileType = sourcecode.swift; path = NetworkService.swift; sourceTree = "<group>"; };
		C250288D25DBC4210099EB13 /* NetworkDataFetcher.swift */ = {isa = PBXFileReference; lastKnownFileType = sourcecode.swift; path = NetworkDataFetcher.swift; sourceTree = "<group>"; };
		C250289025DBC4800099EB13 /* PhotoModel.swift */ = {isa = PBXFileReference; lastKnownFileType = sourcecode.swift; path = PhotoModel.swift; sourceTree = "<group>"; };
		C250289925DBC5DD0099EB13 /* PhotoFeedViewModel.swift */ = {isa = PBXFileReference; lastKnownFileType = sourcecode.swift; path = PhotoFeedViewModel.swift; sourceTree = "<group>"; };
		C250289D25DBC67B0099EB13 /* PhotoCellViewModel.swift */ = {isa = PBXFileReference; lastKnownFileType = sourcecode.swift; path = PhotoCellViewModel.swift; sourceTree = "<group>"; };
/* End PBXFileReference section */

/* Begin PBXFrameworksBuildPhase section */
		C250285825DBAEF50099EB13 /* Frameworks */ = {
			isa = PBXFrameworksBuildPhase;
			buildActionMask = 2147483647;
			files = (
			);
			runOnlyForDeploymentPostprocessing = 0;
		};
/* End PBXFrameworksBuildPhase section */

/* Begin PBXGroup section */
		C250285225DBAEF50099EB13 = {
			isa = PBXGroup;
			children = (
				C250285D25DBAEF50099EB13 /* RentateamTest */,
				C250285C25DBAEF50099EB13 /* Products */,
			);
			sourceTree = "<group>";
		};
		C250285C25DBAEF50099EB13 /* Products */ = {
			isa = PBXGroup;
			children = (
				C250285B25DBAEF50099EB13 /* RentateamTest.app */,
			);
			name = Products;
			sourceTree = "<group>";
		};
		C250285D25DBAEF50099EB13 /* RentateamTest */ = {
			isa = PBXGroup;
			children = (
				C250287425DBB01A0099EB13 /* Application */,
				C250288725DBC3E50099EB13 /* Services */,
				C250288825DBC3ED0099EB13 /* Models */,
				C250287625DBB03C0099EB13 /* Modules */,
				C250288025DBB4C80099EB13 /* Extensions */,
				C250287525DBB0280099EB13 /* Supporting files */,
			);
			path = RentateamTest;
			sourceTree = "<group>";
		};
		C250287425DBB01A0099EB13 /* Application */ = {
			isa = PBXGroup;
			children = (
				C250285E25DBAEF50099EB13 /* AppDelegate.swift */,
				C250286025DBAEF50099EB13 /* SceneDelegate.swift */,
			);
			path = Application;
			sourceTree = "<group>";
		};
		C250287525DBB0280099EB13 /* Supporting files */ = {
			isa = PBXGroup;
			children = (
				C250286725DBAEF80099EB13 /* Assets.xcassets */,
				C250286925DBAEF80099EB13 /* LaunchScreen.storyboard */,
				C250286C25DBAEF80099EB13 /* Info.plist */,
			);
			path = "Supporting files";
			sourceTree = "<group>";
		};
		C250287625DBB03C0099EB13 /* Modules */ = {
			isa = PBXGroup;
			children = (
				C250289825DBC5C40099EB13 /* ViewModel */,
				C250289325DBC5990099EB13 /* View */,
			);
			path = Modules;
			sourceTree = "<group>";
		};
		C250288025DBB4C80099EB13 /* Extensions */ = {
			isa = PBXGroup;
			children = (
				C250288125DBB4D50099EB13 /* UIColor.swift */,
			);
			path = Extensions;
			sourceTree = "<group>";
		};
		C250288725DBC3E50099EB13 /* Services */ = {
			isa = PBXGroup;
			children = (
				C250288925DBC4130099EB13 /* NetworkService.swift */,
				C250288D25DBC4210099EB13 /* NetworkDataFetcher.swift */,
			);
			path = Services;
			sourceTree = "<group>";
		};
		C250288825DBC3ED0099EB13 /* Models */ = {
			isa = PBXGroup;
			children = (
				C250289025DBC4800099EB13 /* PhotoModel.swift */,
			);
			path = Models;
			sourceTree = "<group>";
		};
		C250289325DBC5990099EB13 /* View */ = {
			isa = PBXGroup;
			children = (
				C250286225DBAEF50099EB13 /* PhotoFeedViewController.swift */,
				C250287A25DBB2C10099EB13 /* PhotoFeedView.swift */,
				C250287D25DBB3920099EB13 /* PhotoCell.swift */,
			);
			path = View;
			sourceTree = "<group>";
		};
		C250289825DBC5C40099EB13 /* ViewModel */ = {
			isa = PBXGroup;
			children = (
				C250289925DBC5DD0099EB13 /* PhotoFeedViewModel.swift */,
				C250289D25DBC67B0099EB13 /* PhotoCellViewModel.swift */,
			);
			path = ViewModel;
			sourceTree = "<group>";
		};
/* End PBXGroup section */

/* Begin PBXNativeTarget section */
		C250285A25DBAEF50099EB13 /* RentateamTest */ = {
			isa = PBXNativeTarget;
			buildConfigurationList = C250286F25DBAEF80099EB13 /* Build configuration list for PBXNativeTarget "RentateamTest" */;
			buildPhases = (
				C250285725DBAEF50099EB13 /* Sources */,
				C250285825DBAEF50099EB13 /* Frameworks */,
				C250285925DBAEF50099EB13 /* Resources */,
			);
			buildRules = (
			);
			dependencies = (
			);
			name = RentateamTest;
			productName = RentateamTest;
			productReference = C250285B25DBAEF50099EB13 /* RentateamTest.app */;
			productType = "com.apple.product-type.application";
		};
/* End PBXNativeTarget section */

/* Begin PBXProject section */
		C250285325DBAEF50099EB13 /* Project object */ = {
			isa = PBXProject;
			attributes = {
				LastSwiftUpdateCheck = 1200;
				LastUpgradeCheck = 1200;
				TargetAttributes = {
					C250285A25DBAEF50099EB13 = {
						CreatedOnToolsVersion = 12.0;
					};
				};
			};
			buildConfigurationList = C250285625DBAEF50099EB13 /* Build configuration list for PBXProject "RentateamTest" */;
			compatibilityVersion = "Xcode 9.3";
			developmentRegion = en;
			hasScannedForEncodings = 0;
			knownRegions = (
				en,
				Base,
			);
			mainGroup = C250285225DBAEF50099EB13;
			productRefGroup = C250285C25DBAEF50099EB13 /* Products */;
			projectDirPath = "";
			projectRoot = "";
			targets = (
				C250285A25DBAEF50099EB13 /* RentateamTest */,
			);
		};
/* End PBXProject section */

/* Begin PBXResourcesBuildPhase section */
		C250285925DBAEF50099EB13 /* Resources */ = {
			isa = PBXResourcesBuildPhase;
			buildActionMask = 2147483647;
			files = (
				C250286B25DBAEF80099EB13 /* LaunchScreen.storyboard in Resources */,
				C250286825DBAEF80099EB13 /* Assets.xcassets in Resources */,
			);
			runOnlyForDeploymentPostprocessing = 0;
		};
/* End PBXResourcesBuildPhase section */

/* Begin PBXSourcesBuildPhase section */
		C250285725DBAEF50099EB13 /* Sources */ = {
			isa = PBXSourcesBuildPhase;
			buildActionMask = 2147483647;
			files = (
				C250289125DBC4800099EB13 /* PhotoModel.swift in Sources */,
				C250288E25DBC4210099EB13 /* NetworkDataFetcher.swift in Sources */,
				C250286325DBAEF50099EB13 /* PhotoFeedViewController.swift in Sources */,
				C250288225DBB4D50099EB13 /* UIColor.swift in Sources */,
				C250287E25DBB3920099EB13 /* PhotoCell.swift in Sources */,
				C250285F25DBAEF50099EB13 /* AppDelegate.swift in Sources */,
				C250286125DBAEF50099EB13 /* SceneDelegate.swift in Sources */,
				C250289E25DBC67B0099EB13 /* PhotoCellViewModel.swift in Sources */,
				C250287B25DBB2C10099EB13 /* PhotoFeedView.swift in Sources */,
				C250288A25DBC4130099EB13 /* NetworkService.swift in Sources */,
				C250289A25DBC5DD0099EB13 /* PhotoFeedViewModel.swift in Sources */,
			);
			runOnlyForDeploymentPostprocessing = 0;
		};
/* End PBXSourcesBuildPhase section */

/* Begin PBXVariantGroup section */
		C250286925DBAEF80099EB13 /* LaunchScreen.storyboard */ = {
			isa = PBXVariantGroup;
			children = (
				C250286A25DBAEF80099EB13 /* Base */,
			);
			name = LaunchScreen.storyboard;
			sourceTree = "<group>";
		};
/* End PBXVariantGroup section */

/* Begin XCBuildConfiguration section */
		C250286D25DBAEF80099EB13 /* Debug */ = {
			isa = XCBuildConfiguration;
			buildSettings = {
				ALWAYS_SEARCH_USER_PATHS = NO;
				CLANG_ANALYZER_NONNULL = YES;
				CLANG_ANALYZER_NUMBER_OBJECT_CONVERSION = YES_AGGRESSIVE;
				CLANG_CXX_LANGUAGE_STANDARD = "gnu++14";
				CLANG_CXX_LIBRARY = "libc++";
				CLANG_ENABLE_MODULES = YES;
				CLANG_ENABLE_OBJC_ARC = YES;
				CLANG_ENABLE_OBJC_WEAK = YES;
				CLANG_WARN_BLOCK_CAPTURE_AUTORELEASING = YES;
				CLANG_WARN_BOOL_CONVERSION = YES;
				CLANG_WARN_COMMA = YES;
				CLANG_WARN_CONSTANT_CONVERSION = YES;
				CLANG_WARN_DEPRECATED_OBJC_IMPLEMENTATIONS = YES;
				CLANG_WARN_DIRECT_OBJC_ISA_USAGE = YES_ERROR;
				CLANG_WARN_DOCUMENTATION_COMMENTS = YES;
				CLANG_WARN_EMPTY_BODY = YES;
				CLANG_WARN_ENUM_CONVERSION = YES;
				CLANG_WARN_INFINITE_RECURSION = YES;
				CLANG_WARN_INT_CONVERSION = YES;
				CLANG_WARN_NON_LITERAL_NULL_CONVERSION = YES;
				CLANG_WARN_OBJC_IMPLICIT_RETAIN_SELF = YES;
				CLANG_WARN_OBJC_LITERAL_CONVERSION = YES;
				CLANG_WARN_OBJC_ROOT_CLASS = YES_ERROR;
				CLANG_WARN_QUOTED_INCLUDE_IN_FRAMEWORK_HEADER = YES;
				CLANG_WARN_RANGE_LOOP_ANALYSIS = YES;
				CLANG_WARN_STRICT_PROTOTYPES = YES;
				CLANG_WARN_SUSPICIOUS_MOVE = YES;
				CLANG_WARN_UNGUARDED_AVAILABILITY = YES_AGGRESSIVE;
				CLANG_WARN_UNREACHABLE_CODE = YES;
				CLANG_WARN__DUPLICATE_METHOD_MATCH = YES;
				COPY_PHASE_STRIP = NO;
				DEBUG_INFORMATION_FORMAT = dwarf;
				ENABLE_STRICT_OBJC_MSGSEND = YES;
				ENABLE_TESTABILITY = YES;
				GCC_C_LANGUAGE_STANDARD = gnu11;
				GCC_DYNAMIC_NO_PIC = NO;
				GCC_NO_COMMON_BLOCKS = YES;
				GCC_OPTIMIZATION_LEVEL = 0;
				GCC_PREPROCESSOR_DEFINITIONS = (
					"DEBUG=1",
					"$(inherited)",
				);
				GCC_WARN_64_TO_32_BIT_CONVERSION = YES;
				GCC_WARN_ABOUT_RETURN_TYPE = YES_ERROR;
				GCC_WARN_UNDECLARED_SELECTOR = YES;
				GCC_WARN_UNINITIALIZED_AUTOS = YES_AGGRESSIVE;
				GCC_WARN_UNUSED_FUNCTION = YES;
				GCC_WARN_UNUSED_VARIABLE = YES;
				IPHONEOS_DEPLOYMENT_TARGET = 14.0;
				MTL_ENABLE_DEBUG_INFO = INCLUDE_SOURCE;
				MTL_FAST_MATH = YES;
				ONLY_ACTIVE_ARCH = YES;
				SDKROOT = iphoneos;
				SWIFT_ACTIVE_COMPILATION_CONDITIONS = DEBUG;
				SWIFT_OPTIMIZATION_LEVEL = "-Onone";
			};
			name = Debug;
		};
		C250286E25DBAEF80099EB13 /* Release */ = {
			isa = XCBuildConfiguration;
			buildSettings = {
				ALWAYS_SEARCH_USER_PATHS = NO;
				CLANG_ANALYZER_NONNULL = YES;
				CLANG_ANALYZER_NUMBER_OBJECT_CONVERSION = YES_AGGRESSIVE;
				CLANG_CXX_LANGUAGE_STANDARD = "gnu++14";
				CLANG_CXX_LIBRARY = "libc++";
				CLANG_ENABLE_MODULES = YES;
				CLANG_ENABLE_OBJC_ARC = YES;
				CLANG_ENABLE_OBJC_WEAK = YES;
				CLANG_WARN_BLOCK_CAPTURE_AUTORELEASING = YES;
				CLANG_WARN_BOOL_CONVERSION = YES;
				CLANG_WARN_COMMA = YES;
				CLANG_WARN_CONSTANT_CONVERSION = YES;
				CLANG_WARN_DEPRECATED_OBJC_IMPLEMENTATIONS = YES;
				CLANG_WARN_DIRECT_OBJC_ISA_USAGE = YES_ERROR;
				CLANG_WARN_DOCUMENTATION_COMMENTS = YES;
				CLANG_WARN_EMPTY_BODY = YES;
				CLANG_WARN_ENUM_CONVERSION = YES;
				CLANG_WARN_INFINITE_RECURSION = YES;
				CLANG_WARN_INT_CONVERSION = YES;
				CLANG_WARN_NON_LITERAL_NULL_CONVERSION = YES;
				CLANG_WARN_OBJC_IMPLICIT_RETAIN_SELF = YES;
				CLANG_WARN_OBJC_LITERAL_CONVERSION = YES;
				CLANG_WARN_OBJC_ROOT_CLASS = YES_ERROR;
				CLANG_WARN_QUOTED_INCLUDE_IN_FRAMEWORK_HEADER = YES;
				CLANG_WARN_RANGE_LOOP_ANALYSIS = YES;
				CLANG_WARN_STRICT_PROTOTYPES = YES;
				CLANG_WARN_SUSPICIOUS_MOVE = YES;
				CLANG_WARN_UNGUARDED_AVAILABILITY = YES_AGGRESSIVE;
				CLANG_WARN_UNREACHABLE_CODE = YES;
				CLANG_WARN__DUPLICATE_METHOD_MATCH = YES;
				COPY_PHASE_STRIP = NO;
				DEBUG_INFORMATION_FORMAT = "dwarf-with-dsym";
				ENABLE_NS_ASSERTIONS = NO;
				ENABLE_STRICT_OBJC_MSGSEND = YES;
				GCC_C_LANGUAGE_STANDARD = gnu11;
				GCC_NO_COMMON_BLOCKS = YES;
				GCC_WARN_64_TO_32_BIT_CONVERSION = YES;
				GCC_WARN_ABOUT_RETURN_TYPE = YES_ERROR;
				GCC_WARN_UNDECLARED_SELECTOR = YES;
				GCC_WARN_UNINITIALIZED_AUTOS = YES_AGGRESSIVE;
				GCC_WARN_UNUSED_FUNCTION = YES;
				GCC_WARN_UNUSED_VARIABLE = YES;
				IPHONEOS_DEPLOYMENT_TARGET = 14.0;
				MTL_ENABLE_DEBUG_INFO = NO;
				MTL_FAST_MATH = YES;
				SDKROOT = iphoneos;
				SWIFT_COMPILATION_MODE = wholemodule;
				SWIFT_OPTIMIZATION_LEVEL = "-O";
				VALIDATE_PRODUCT = YES;
			};
			name = Release;
		};
		C250287025DBAEF80099EB13 /* Debug */ = {
			isa = XCBuildConfiguration;
			buildSettings = {
				ASSETCATALOG_COMPILER_APPICON_NAME = AppIcon;
				ASSETCATALOG_COMPILER_GLOBAL_ACCENT_COLOR_NAME = AccentColor;
				CODE_SIGN_STYLE = Automatic;
				DEVELOPMENT_TEAM = R367V6SP7Z;
				INFOPLIST_FILE = "$(SRCROOT)/RentateamTest/Supporting files/Info.plist";
				LD_RUNPATH_SEARCH_PATHS = (
					"$(inherited)",
					"@executable_path/Frameworks",
				);
				PRODUCT_BUNDLE_IDENTIFIER = novembrz.RentateamTest;
				PRODUCT_NAME = "$(TARGET_NAME)";
				SWIFT_VERSION = 5.0;
				TARGETED_DEVICE_FAMILY = "1,2";
			};
			name = Debug;
		};
		C250287125DBAEF80099EB13 /* Release */ = {
			isa = XCBuildConfiguration;
			buildSettings = {
				ASSETCATALOG_COMPILER_APPICON_NAME = AppIcon;
				ASSETCATALOG_COMPILER_GLOBAL_ACCENT_COLOR_NAME = AccentColor;
				CODE_SIGN_STYLE = Automatic;
				DEVELOPMENT_TEAM = R367V6SP7Z;
				INFOPLIST_FILE = "$(SRCROOT)/RentateamTest/Supporting files/Info.plist";
				LD_RUNPATH_SEARCH_PATHS = (
					"$(inherited)",
					"@executable_path/Frameworks",
				);
				PRODUCT_BUNDLE_IDENTIFIER = novembrz.RentateamTest;
				PRODUCT_NAME = "$(TARGET_NAME)";
				SWIFT_VERSION = 5.0;
				TARGETED_DEVICE_FAMILY = "1,2";
			};
			name = Release;
		};
/* End XCBuildConfiguration section */

/* Begin XCConfigurationList section */
		C250285625DBAEF50099EB13 /* Build configuration list for PBXProject "RentateamTest" */ = {
			isa = XCConfigurationList;
			buildConfigurations = (
				C250286D25DBAEF80099EB13 /* Debug */,
				C250286E25DBAEF80099EB13 /* Release */,
			);
			defaultConfigurationIsVisible = 0;
			defaultConfigurationName = Release;
		};
		C250286F25DBAEF80099EB13 /* Build configuration list for PBXNativeTarget "RentateamTest" */ = {
			isa = XCConfigurationList;
			buildConfigurations = (
				C250287025DBAEF80099EB13 /* Debug */,
				C250287125DBAEF80099EB13 /* Release */,
			);
			defaultConfigurationIsVisible = 0;
			defaultConfigurationName = Release;
		};
/* End XCConfigurationList section */
	};
	rootObject = C250285325DBAEF50099EB13 /* Project object */;
}
